// !$*UTF8*$!
{
	archiveVersion = 1;
	classes = {
	};
	objectVersion = 77;
	objects = {

/* Begin PBXBuildFile section */
		FF8AEE242E85CF0700B3BE47 /* NetworkManager.swift in Sources */ = {isa = PBXBuildFile; fileRef = FF8AEE202E85CDEC00B3BE47 /* NetworkManager.swift */; };
/* End PBXBuildFile section */

/* Begin PBXContainerItemProxy section */
		FF5CC1332E68759900356A72 /* PBXContainerItemProxy */ = {
			isa = PBXContainerItemProxy;
			containerPortal = FF5CC11D2E68759600356A72 /* Project object */;
			proxyType = 1;
			remoteGlobalIDString = FF5CC1242E68759600356A72;
			remoteInfo = GeoDBExplorer;
		};
		FF5CC13D2E68759900356A72 /* PBXContainerItemProxy */ = {
			isa = PBXContainerItemProxy;
			containerPortal = FF5CC11D2E68759600356A72 /* Project object */;
			proxyType = 1;
			remoteGlobalIDString = FF5CC1242E68759600356A72;
			remoteInfo = GeoDBExplorer;
		};
/* End PBXContainerItemProxy section */

/* Begin PBXFileReference section */
		FF5CC1252E68759600356A72 /* GeoDBExplorer.app */ = {isa = PBXFileReference; explicitFileType = wrapper.application; includeInIndex = 0; path = GeoDBExplorer.app; sourceTree = BUILT_PRODUCTS_DIR; };
		FF5CC1322E68759900356A72 /* GeoDBExplorerTests.xctest */ = {isa = PBXFileReference; explicitFileType = wrapper.cfbundle; includeInIndex = 0; path = GeoDBExplorerTests.xctest; sourceTree = BUILT_PRODUCTS_DIR; };
		FF5CC13C2E68759900356A72 /* GeoDBExplorerUITests.xctest */ = {isa = PBXFileReference; explicitFileType = wrapper.cfbundle; includeInIndex = 0; path = GeoDBExplorerUITests.xctest; sourceTree = BUILT_PRODUCTS_DIR; };
		FF8AEE202E85CDEC00B3BE47 /* NetworkManager.swift */ = {isa = PBXFileReference; lastKnownFileType = sourcecode.swift; path = NetworkManager.swift; sourceTree = "<group>"; };
		FFFB278D2E82C45D005FF6C1 /* GeoDBExplorer.xctestplan */ = {isa = PBXFileReference; lastKnownFileType = text; path = GeoDBExplorer.xctestplan; sourceTree = "<group>"; };
/* End PBXFileReference section */

/* Begin PBXFileSystemSynchronizedRootGroup section */
		FF5CC1272E68759600356A72 /* GeoDBExplorer */ = {
			isa = PBXFileSystemSynchronizedRootGroup;
			path = GeoDBExplorer;
			sourceTree = "<group>";
		};
		FF5CC1352E68759900356A72 /* GeoDBExplorerTests */ = {
			isa = PBXFileSystemSynchronizedRootGroup;
			path = GeoDBExplorerTests;
			sourceTree = "<group>";
		};
		FF5CC13F2E68759900356A72 /* GeoDBExplorerUITests */ = {
			isa = PBXFileSystemSynchronizedRootGroup;
			path = GeoDBExplorerUITests;
			sourceTree = "<group>";
		};
/* End PBXFileSystemSynchronizedRootGroup section */

/* Begin PBXFrameworksBuildPhase section */
		FF5CC1222E68759600356A72 /* Frameworks */ = {
			isa = PBXFrameworksBuildPhase;
			buildActionMask = 2147483647;
			files = (
			);
			runOnlyForDeploymentPostprocessing = 0;
		};
		FF5CC12F2E68759900356A72 /* Frameworks */ = {
			isa = PBXFrameworksBuildPhase;
			buildActionMask = 2147483647;
			files = (
			);
			runOnlyForDeploymentPostprocessing = 0;
		};
		FF5CC1392E68759900356A72 /* Frameworks */ = {
			isa = PBXFrameworksBuildPhase;
			buildActionMask = 2147483647;
			files = (
			);
			runOnlyForDeploymentPostprocessing = 0;
		};
/* End PBXFrameworksBuildPhase section */

/* Begin PBXGroup section */
		FF5CC11C2E68759600356A72 = {
			isa = PBXGroup;
			children = (
				FF8AEE1F2E85CDDC00B3BE47 /* Networking */,
				FFFB278D2E82C45D005FF6C1 /* GeoDBExplorer.xctestplan */,
				FF5CC1272E68759600356A72 /* GeoDBExplorer */,
				FF5CC1352E68759900356A72 /* GeoDBExplorerTests */,
				FF5CC13F2E68759900356A72 /* GeoDBExplorerUITests */,
				FF5CC1262E68759600356A72 /* Products */,
			);
			sourceTree = "<group>";
		};
		FF5CC1262E68759600356A72 /* Products */ = {
			isa = PBXGroup;
			children = (
				FF5CC1252E68759600356A72 /* GeoDBExplorer.app */,
				FF5CC1322E68759900356A72 /* GeoDBExplorerTests.xctest */,
				FF5CC13C2E68759900356A72 /* GeoDBExplorerUITests.xctest */,
			);
			name = Products;
			sourceTree = "<group>";
		};
		FF8AEE1F2E85CDDC00B3BE47 /* Networking */ = {
			isa = PBXGroup;
			children = (
				FF8AEE202E85CDEC00B3BE47 /* NetworkManager.swift */,
			);
			path = Networking;
			sourceTree = "<group>";
		};
/* End PBXGroup section */

/* Begin PBXNativeTarget section */
		FF5CC1242E68759600356A72 /* GeoDBExplorer */ = {
			isa = PBXNativeTarget;
			buildConfigurationList = FF5CC1462E68759900356A72 /* Build configuration list for PBXNativeTarget "GeoDBExplorer" */;
			buildPhases = (
				FF5CC1212E68759600356A72 /* Sources */,
				FF5CC1222E68759600356A72 /* Frameworks */,
				FF5CC1232E68759600356A72 /* Resources */,
			);
			buildRules = (
			);
			dependencies = (
			);
			fileSystemSynchronizedGroups = (
				FF5CC1272E68759600356A72 /* GeoDBExplorer */,
			);
			name = GeoDBExplorer;
			packageProductDependencies = (
			);
			productName = GeoDBExplorer;
			productReference = FF5CC1252E68759600356A72 /* GeoDBExplorer.app */;
			productType = "com.apple.product-type.application";
		};
		FF5CC1312E68759900356A72 /* GeoDBExplorerTests */ = {
			isa = PBXNativeTarget;
			buildConfigurationList = FF5CC1492E68759900356A72 /* Build configuration list for PBXNativeTarget "GeoDBExplorerTests" */;
			buildPhases = (
				FF5CC12E2E68759900356A72 /* Sources */,
				FF5CC12F2E68759900356A72 /* Frameworks */,
				FF5CC1302E68759900356A72 /* Resources */,
			);
			buildRules = (
			);
			dependencies = (
				FF5CC1342E68759900356A72 /* PBXTargetDependency */,
			);
			fileSystemSynchronizedGroups = (
				FF5CC1352E68759900356A72 /* GeoDBExplorerTests */,
			);
			name = GeoDBExplorerTests;
			packageProductDependencies = (
			);
			productName = GeoDBExplorerTests;
			productReference = FF5CC1322E68759900356A72 /* GeoDBExplorerTests.xctest */;
			productType = "com.apple.product-type.bundle.unit-test";
		};
		FF5CC13B2E68759900356A72 /* GeoDBExplorerUITests */ = {
			isa = PBXNativeTarget;
			buildConfigurationList = FF5CC14C2E68759900356A72 /* Build configuration list for PBXNativeTarget "GeoDBExplorerUITests" */;
			buildPhases = (
				FF5CC1382E68759900356A72 /* Sources */,
				FF5CC1392E68759900356A72 /* Frameworks */,
				FF5CC13A2E68759900356A72 /* Resources */,
			);
			buildRules = (
			);
			dependencies = (
				FF5CC13E2E68759900356A72 /* PBXTargetDependency */,
			);
			fileSystemSynchronizedGroups = (
				FF5CC13F2E68759900356A72 /* GeoDBExplorerUITests */,
			);
			name = GeoDBExplorerUITests;
			packageProductDependencies = (
			);
			productName = GeoDBExplorerUITests;
			productReference = FF5CC13C2E68759900356A72 /* GeoDBExplorerUITests.xctest */;
			productType = "com.apple.product-type.bundle.ui-testing";
		};
/* End PBXNativeTarget section */

/* Begin PBXProject section */
		FF5CC11D2E68759600356A72 /* Project object */ = {
			isa = PBXProject;
			attributes = {
				BuildIndependentTargetsInParallel = 1;
				LastSwiftUpdateCheck = 1640;
				LastUpgradeCheck = 1640;
				TargetAttributes = {
					FF5CC1242E68759600356A72 = {
						CreatedOnToolsVersion = 16.4;
					};
					FF5CC1312E68759900356A72 = {
						CreatedOnToolsVersion = 16.4;
						TestTargetID = FF5CC1242E68759600356A72;
					};
					FF5CC13B2E68759900356A72 = {
						CreatedOnToolsVersion = 16.4;
						TestTargetID = FF5CC1242E68759600356A72;
					};
				};
			};
			buildConfigurationList = FF5CC1202E68759600356A72 /* Build configuration list for PBXProject "GeoDBExplorer" */;
			developmentRegion = en;
			hasScannedForEncodings = 0;
			knownRegions = (
				en,
				Base,
				hy,
			);
			mainGroup = FF5CC11C2E68759600356A72;
			minimizedProjectReferenceProxies = 1;
			preferredProjectObjectVersion = 77;
			productRefGroup = FF5CC1262E68759600356A72 /* Products */;
			projectDirPath = "";
			projectRoot = "";
			targets = (
				FF5CC1242E68759600356A72 /* GeoDBExplorer */,
				FF5CC1312E68759900356A72 /* GeoDBExplorerTests */,
				FF5CC13B2E68759900356A72 /* GeoDBExplorerUITests */,
			);
		};
/* End PBXProject section */

/* Begin PBXResourcesBuildPhase section */
		FF5CC1232E68759600356A72 /* Resources */ = {
			isa = PBXResourcesBuildPhase;
			buildActionMask = 2147483647;
			files = (
			);
			runOnlyForDeploymentPostprocessing = 0;
		};
		FF5CC1302E68759900356A72 /* Resources */ = {
			isa = PBXResourcesBuildPhase;
			buildActionMask = 2147483647;
			files = (
			);
			runOnlyForDeploymentPostprocessing = 0;
		};
		FF5CC13A2E68759900356A72 /* Resources */ = {
			isa = PBXResourcesBuildPhase;
			buildActionMask = 2147483647;
			files = (
			);
			runOnlyForDeploymentPostprocessing = 0;
		};
/* End PBXResourcesBuildPhase section */

/* Begin PBXSourcesBuildPhase section */
		FF5CC1212E68759600356A72 /* Sources */ = {
			isa = PBXSourcesBuildPhase;
			buildActionMask = 2147483647;
			files = (
				FF8AEE242E85CF0700B3BE47 /* NetworkManager.swift in Sources */,
			);
			runOnlyForDeploymentPostprocessing = 0;
		};
		FF5CC12E2E68759900356A72 /* Sources */ = {
			isa = PBXSourcesBuildPhase;
			buildActionMask = 2147483647;
			files = (
			);
			runOnlyForDeploymentPostprocessing = 0;
		};
		FF5CC1382E68759900356A72 /* Sources */ = {
			isa = PBXSourcesBuildPhase;
			buildActionMask = 2147483647;
			files = (
			);
			runOnlyForDeploymentPostprocessing = 0;
		};
/* End PBXSourcesBuildPhase section */

/* Begin PBXTargetDependency section */
		FF5CC1342E68759900356A72 /* PBXTargetDependency */ = {
			isa = PBXTargetDependency;
			target = FF5CC1242E68759600356A72 /* GeoDBExplorer */;
			targetProxy = FF5CC1332E68759900356A72 /* PBXContainerItemProxy */;
		};
		FF5CC13E2E68759900356A72 /* PBXTargetDependency */ = {
			isa = PBXTargetDependency;
			target = FF5CC1242E68759600356A72 /* GeoDBExplorer */;
			targetProxy = FF5CC13D2E68759900356A72 /* PBXContainerItemProxy */;
		};
/* End PBXTargetDependency section */

/* Begin XCBuildConfiguration section */
		FF5CC1442E68759900356A72 /* Debug */ = {
			isa = XCBuildConfiguration;
			buildSettings = {
				ALWAYS_SEARCH_USER_PATHS = NO;
				ASSETCATALOG_COMPILER_GENERATE_SWIFT_ASSET_SYMBOL_EXTENSIONS = YES;
				CLANG_ANALYZER_NONNULL = YES;
				CLANG_ANALYZER_NUMBER_OBJECT_CONVERSION = YES_AGGRESSIVE;
				CLANG_CXX_LANGUAGE_STANDARD = "gnu++20";
				CLANG_ENABLE_MODULES = YES;
				CLANG_ENABLE_OBJC_ARC = YES;
				CLANG_ENABLE_OBJC_WEAK = YES;
				CLANG_WARN_BLOCK_CAPTURE_AUTORELEASING = YES;
				CLANG_WARN_BOOL_CONVERSION = YES;
				CLANG_WARN_COMMA = YES;
				CLANG_WARN_CONSTANT_CONVERSION = YES;
				CLANG_WARN_DEPRECATED_OBJC_IMPLEMENTATIONS = YES;
				CLANG_WARN_DIRECT_OBJC_ISA_USAGE = YES_ERROR;
				CLANG_WARN_DOCUMENTATION_COMMENTS = YES;
				CLANG_WARN_EMPTY_BODY = YES;
				CLANG_WARN_ENUM_CONVERSION = YES;
				CLANG_WARN_INFINITE_RECURSION = YES;
				CLANG_WARN_INT_CONVERSION = YES;
				CLANG_WARN_NON_LITERAL_NULL_CONVERSION = YES;
				CLANG_WARN_OBJC_IMPLICIT_RETAIN_SELF = YES;
				CLANG_WARN_OBJC_LITERAL_CONVERSION = YES;
				CLANG_WARN_OBJC_ROOT_CLASS = YES_ERROR;
				CLANG_WARN_QUOTED_INCLUDE_IN_FRAMEWORK_HEADER = YES;
				CLANG_WARN_RANGE_LOOP_ANALYSIS = YES;
				CLANG_WARN_STRICT_PROTOTYPES = YES;
				CLANG_WARN_SUSPICIOUS_MOVE = YES;
				CLANG_WARN_UNGUARDED_AVAILABILITY = YES_AGGRESSIVE;
				CLANG_WARN_UNREACHABLE_CODE = YES;
				CLANG_WARN__DUPLICATE_METHOD_MATCH = YES;
				COPY_PHASE_STRIP = NO;
				DEBUG_INFORMATION_FORMAT = dwarf;
				ENABLE_STRICT_OBJC_MSGSEND = YES;
				ENABLE_TESTABILITY = YES;
				ENABLE_USER_SCRIPT_SANDBOXING = YES;
				GCC_C_LANGUAGE_STANDARD = gnu17;
				GCC_DYNAMIC_NO_PIC = NO;
				GCC_NO_COMMON_BLOCKS = YES;
				GCC_OPTIMIZATION_LEVEL = 0;
				GCC_PREPROCESSOR_DEFINITIONS = (
					"DEBUG=1",
					"$(inherited)",
				);
				GCC_WARN_64_TO_32_BIT_CONVERSION = YES;
				GCC_WARN_ABOUT_RETURN_TYPE = YES_ERROR;
				GCC_WARN_UNDECLARED_SELECTOR = YES;
				GCC_WARN_UNINITIALIZED_AUTOS = YES_AGGRESSIVE;
				GCC_WARN_UNUSED_FUNCTION = YES;
				GCC_WARN_UNUSED_VARIABLE = YES;
				IPHONEOS_DEPLOYMENT_TARGET = 18.5;
				LOCALIZATION_PREFERS_STRING_CATALOGS = YES;
				MTL_ENABLE_DEBUG_INFO = INCLUDE_SOURCE;
				MTL_FAST_MATH = YES;
				ONLY_ACTIVE_ARCH = YES;
				SDKROOT = iphoneos;
				SWIFT_ACTIVE_COMPILATION_CONDITIONS = "DEBUG $(inherited)";
				SWIFT_EMIT_LOC_STRINGS = YES;
				SWIFT_OPTIMIZATION_LEVEL = "-Onone";
			};
			name = Debug;
		};
		FF5CC1452E68759900356A72 /* Release */ = {
			isa = XCBuildConfiguration;
			buildSettings = {
				ALWAYS_SEARCH_USER_PATHS = NO;
				ASSETCATALOG_COMPILER_GENERATE_SWIFT_ASSET_SYMBOL_EXTENSIONS = YES;
				CLANG_ANALYZER_NONNULL = YES;
				CLANG_ANALYZER_NUMBER_OBJECT_CONVERSION = YES_AGGRESSIVE;
				CLANG_CXX_LANGUAGE_STANDARD = "gnu++20";
				CLANG_ENABLE_MODULES = YES;
				CLANG_ENABLE_OBJC_ARC = YES;
				CLANG_ENABLE_OBJC_WEAK = YES;
				CLANG_WARN_BLOCK_CAPTURE_AUTORELEASING = YES;
				CLANG_WARN_BOOL_CONVERSION = YES;
				CLANG_WARN_COMMA = YES;
				CLANG_WARN_CONSTANT_CONVERSION = YES;
				CLANG_WARN_DEPRECATED_OBJC_IMPLEMENTATIONS = YES;
				CLANG_WARN_DIRECT_OBJC_ISA_USAGE = YES_ERROR;
				CLANG_WARN_DOCUMENTATION_COMMENTS = YES;
				CLANG_WARN_EMPTY_BODY = YES;
				CLANG_WARN_ENUM_CONVERSION = YES;
				CLANG_WARN_INFINITE_RECURSION = YES;
				CLANG_WARN_INT_CONVERSION = YES;
				CLANG_WARN_NON_LITERAL_NULL_CONVERSION = YES;
				CLANG_WARN_OBJC_IMPLICIT_RETAIN_SELF = YES;
				CLANG_WARN_OBJC_LITERAL_CONVERSION = YES;
				CLANG_WARN_OBJC_ROOT_CLASS = YES_ERROR;
				CLANG_WARN_QUOTED_INCLUDE_IN_FRAMEWORK_HEADER = YES;
				CLANG_WARN_RANGE_LOOP_ANALYSIS = YES;
				CLANG_WARN_STRICT_PROTOTYPES = YES;
				CLANG_WARN_SUSPICIOUS_MOVE = YES;
				CLANG_WARN_UNGUARDED_AVAILABILITY = YES_AGGRESSIVE;
				CLANG_WARN_UNREACHABLE_CODE = YES;
				CLANG_WARN__DUPLICATE_METHOD_MATCH = YES;
				COPY_PHASE_STRIP = NO;
				DEBUG_INFORMATION_FORMAT = "dwarf-with-dsym";
				ENABLE_NS_ASSERTIONS = NO;
				ENABLE_STRICT_OBJC_MSGSEND = YES;
				ENABLE_USER_SCRIPT_SANDBOXING = YES;
				GCC_C_LANGUAGE_STANDARD = gnu17;
				GCC_NO_COMMON_BLOCKS = YES;
				GCC_WARN_64_TO_32_BIT_CONVERSION = YES;
				GCC_WARN_ABOUT_RETURN_TYPE = YES_ERROR;
				GCC_WARN_UNDECLARED_SELECTOR = YES;
				GCC_WARN_UNINITIALIZED_AUTOS = YES_AGGRESSIVE;
				GCC_WARN_UNUSED_FUNCTION = YES;
				GCC_WARN_UNUSED_VARIABLE = YES;
				IPHONEOS_DEPLOYMENT_TARGET = 18.5;
				LOCALIZATION_PREFERS_STRING_CATALOGS = YES;
				MTL_ENABLE_DEBUG_INFO = NO;
				MTL_FAST_MATH = YES;
				SDKROOT = iphoneos;
				SWIFT_COMPILATION_MODE = wholemodule;
				SWIFT_EMIT_LOC_STRINGS = YES;
				VALIDATE_PRODUCT = YES;
			};
			name = Release;
		};
		FF5CC1472E68759900356A72 /* Debug */ = {
			isa = XCBuildConfiguration;
			buildSettings = {
				ASSETCATALOG_COMPILER_APPICON_NAME = AppIcon;
				ASSETCATALOG_COMPILER_GLOBAL_ACCENT_COLOR_NAME = AccentColor;
				CODE_SIGN_STYLE = Automatic;
				CURRENT_PROJECT_VERSION = 1;
				DEVELOPMENT_TEAM = Y56K7W9639;
				ENABLE_PREVIEWS = YES;
				GENERATE_INFOPLIST_FILE = YES;
				INFOPLIST_KEY_UIApplicationSceneManifest_Generation = YES;
				INFOPLIST_KEY_UIApplicationSupportsIndirectInputEvents = YES;
				INFOPLIST_KEY_UILaunchScreen_Generation = YES;
				INFOPLIST_KEY_UISupportedInterfaceOrientations_iPad = "UIInterfaceOrientationPortrait UIInterfaceOrientationPortraitUpsideDown UIInterfaceOrientationLandscapeLeft UIInterfaceOrientationLandscapeRight";
				INFOPLIST_KEY_UISupportedInterfaceOrientations_iPhone = "UIInterfaceOrientationPortrait UIInterfaceOrientationLandscapeLeft UIInterfaceOrientationLandscapeRight";
				IPHONEOS_DEPLOYMENT_TARGET = 17.6;
				LD_RUNPATH_SEARCH_PATHS = (
					"$(inherited)",
					"@executable_path/Frameworks",
				);
				MARKETING_VERSION = 1.0;
				PRODUCT_BUNDLE_IDENTIFIER = "Seda-Kirakosyan.GeoDBExplorer";
				PRODUCT_NAME = "$(TARGET_NAME)";
				SWIFT_EMIT_LOC_STRINGS = YES;
				SWIFT_VERSION = 5.0;
				TARGETED_DEVICE_FAMILY = "1,2";
			};
			name = Debug;
		};
		FF5CC1482E68759900356A72 /* Release */ = {
			isa = XCBuildConfiguration;
			buildSettings = {
				ASSETCATALOG_COMPILER_APPICON_NAME = AppIcon;
				ASSETCATALOG_COMPILER_GLOBAL_ACCENT_COLOR_NAME = AccentColor;
				CODE_SIGN_STYLE = Automatic;
				CURRENT_PROJECT_VERSION = 1;
				DEVELOPMENT_TEAM = Y56K7W9639;
				ENABLE_PREVIEWS = YES;
				GENERATE_INFOPLIST_FILE = YES;
				INFOPLIST_KEY_UIApplicationSceneManifest_Generation = YES;
				INFOPLIST_KEY_UIApplicationSupportsIndirectInputEvents = YES;
				INFOPLIST_KEY_UILaunchScreen_Generation = YES;
				INFOPLIST_KEY_UISupportedInterfaceOrientations_iPad = "UIInterfaceOrientationPortrait UIInterfaceOrientationPortraitUpsideDown UIInterfaceOrientationLandscapeLeft UIInterfaceOrientationLandscapeRight";
				INFOPLIST_KEY_UISupportedInterfaceOrientations_iPhone = "UIInterfaceOrientationPortrait UIInterfaceOrientationLandscapeLeft UIInterfaceOrientationLandscapeRight";
				IPHONEOS_DEPLOYMENT_TARGET = 17.6;
				LD_RUNPATH_SEARCH_PATHS = (
					"$(inherited)",
					"@executable_path/Frameworks",
				);
				MARKETING_VERSION = 1.0;
				PRODUCT_BUNDLE_IDENTIFIER = "Seda-Kirakosyan.GeoDBExplorer";
				PRODUCT_NAME = "$(TARGET_NAME)";
				SWIFT_EMIT_LOC_STRINGS = YES;
				SWIFT_VERSION = 5.0;
				TARGETED_DEVICE_FAMILY = "1,2";
			};
			name = Release;
		};
		FF5CC14A2E68759900356A72 /* Debug */ = {
			isa = XCBuildConfiguration;
			buildSettings = {
				BUNDLE_LOADER = "$(TEST_HOST)";
				CODE_SIGN_STYLE = Automatic;
				CURRENT_PROJECT_VERSION = 1;
				GENERATE_INFOPLIST_FILE = YES;
				IPHONEOS_DEPLOYMENT_TARGET = 18.5;
				MARKETING_VERSION = 1.0;
				PRODUCT_BUNDLE_IDENTIFIER = "Seda-Kirakosyan.GeoDBExplorerTests";
				PRODUCT_NAME = "$(TARGET_NAME)";
				SWIFT_EMIT_LOC_STRINGS = NO;
				SWIFT_VERSION = 5.0;
				TARGETED_DEVICE_FAMILY = "1,2";
				TEST_HOST = "$(BUILT_PRODUCTS_DIR)/GeoDBExplorer.app/$(BUNDLE_EXECUTABLE_FOLDER_PATH)/GeoDBExplorer";
			};
			name = Debug;
		};
		FF5CC14B2E68759900356A72 /* Release */ = {
			isa = XCBuildConfiguration;
			buildSettings = {
				BUNDLE_LOADER = "$(TEST_HOST)";
				CODE_SIGN_STYLE = Automatic;
				CURRENT_PROJECT_VERSION = 1;
				GENERATE_INFOPLIST_FILE = YES;
				IPHONEOS_DEPLOYMENT_TARGET = 18.5;
				MARKETING_VERSION = 1.0;
				PRODUCT_BUNDLE_IDENTIFIER = "Seda-Kirakosyan.GeoDBExplorerTests";
				PRODUCT_NAME = "$(TARGET_NAME)";
				SWIFT_EMIT_LOC_STRINGS = NO;
				SWIFT_VERSION = 5.0;
				TARGETED_DEVICE_FAMILY = "1,2";
				TEST_HOST = "$(BUILT_PRODUCTS_DIR)/GeoDBExplorer.app/$(BUNDLE_EXECUTABLE_FOLDER_PATH)/GeoDBExplorer";
			};
			name = Release;
		};
		FF5CC14D2E68759900356A72 /* Debug */ = {
			isa = XCBuildConfiguration;
			buildSettings = {
				CODE_SIGN_STYLE = Automatic;
				CURRENT_PROJECT_VERSION = 1;
				GENERATE_INFOPLIST_FILE = YES;
				IPHONEOS_DEPLOYMENT_TARGET = 17.6;
				MARKETING_VERSION = 1.0;
				PRODUCT_BUNDLE_IDENTIFIER = "Seda-Kirakosyan.GeoDBExplorerUITests";
				PRODUCT_NAME = "$(TARGET_NAME)";
				SWIFT_EMIT_LOC_STRINGS = NO;
				SWIFT_VERSION = 5.0;
				TARGETED_DEVICE_FAMILY = "1,2";
				TEST_TARGET_NAME = GeoDBExplorer;
			};
			name = Debug;
		};
		FF5CC14E2E68759900356A72 /* Release */ = {
			isa = XCBuildConfiguration;
			buildSettings = {
				CODE_SIGN_STYLE = Automatic;
				CURRENT_PROJECT_VERSION = 1;
				GENERATE_INFOPLIST_FILE = YES;
				IPHONEOS_DEPLOYMENT_TARGET = 17.6;
				MARKETING_VERSION = 1.0;
				PRODUCT_BUNDLE_IDENTIFIER = "Seda-Kirakosyan.GeoDBExplorerUITests";
				PRODUCT_NAME = "$(TARGET_NAME)";
				SWIFT_EMIT_LOC_STRINGS = NO;
				SWIFT_VERSION = 5.0;
				TARGETED_DEVICE_FAMILY = "1,2";
				TEST_TARGET_NAME = GeoDBExplorer;
			};
			name = Release;
		};
/* End XCBuildConfiguration section */

/* Begin XCConfigurationList section */
		FF5CC1202E68759600356A72 /* Build configuration list for PBXProject "GeoDBExplorer" */ = {
			isa = XCConfigurationList;
			buildConfigurations = (
				FF5CC1442E68759900356A72 /* Debug */,
				FF5CC1452E68759900356A72 /* Release */,
			);
			defaultConfigurationIsVisible = 0;
			defaultConfigurationName = Release;
		};
		FF5CC1462E68759900356A72 /* Build configuration list for PBXNativeTarget "GeoDBExplorer" */ = {
			isa = XCConfigurationList;
			buildConfigurations = (
				FF5CC1472E68759900356A72 /* Debug */,
				FF5CC1482E68759900356A72 /* Release */,
			);
			defaultConfigurationIsVisible = 0;
			defaultConfigurationName = Release;
		};
		FF5CC1492E68759900356A72 /* Build configuration list for PBXNativeTarget "GeoDBExplorerTests" */ = {
			isa = XCConfigurationList;
			buildConfigurations = (
				FF5CC14A2E68759900356A72 /* Debug */,
				FF5CC14B2E68759900356A72 /* Release */,
			);
			defaultConfigurationIsVisible = 0;
			defaultConfigurationName = Release;
		};
		FF5CC14C2E68759900356A72 /* Build configuration list for PBXNativeTarget "GeoDBExplorerUITests" */ = {
			isa = XCConfigurationList;
			buildConfigurations = (
				FF5CC14D2E68759900356A72 /* Debug */,
				FF5CC14E2E68759900356A72 /* Release */,
			);
			defaultConfigurationIsVisible = 0;
			defaultConfigurationName = Release;
		};
/* End XCConfigurationList section */
	};
	rootObject = FF5CC11D2E68759600356A72 /* Project object */;
}
